// !$*UTF8*$!
{
	archiveVersion = 1;
	classes = {
	};
	objectVersion = 50;
	objects = {

/* Begin PBXBuildFile section */
		C1056601256F9DA600E49F77 /* NSObject+LYSwizzle.m in Sources */ = {isa = PBXBuildFile; fileRef = C10565FC256F9DA600E49F77 /* NSObject+LYSwizzle.m */; };
		C1056602256F9DA600E49F77 /* UIViewController+LYPageWillAppear.m in Sources */ = {isa = PBXBuildFile; fileRef = C10565FE256F9DA600E49F77 /* UIViewController+LYPageWillAppear.m */; };
		C1056603256F9DA600E49F77 /* LYWindowScreenView.m in Sources */ = {isa = PBXBuildFile; fileRef = C1056600256F9DA600E49F77 /* LYWindowScreenView.m */; };
		C109FB28239695E700367E5A /* AppDelegate.m in Sources */ = {isa = PBXBuildFile; fileRef = C109FB27239695E700367E5A /* AppDelegate.m */; };
		C109FB2E239695E700367E5A /* ViewController.m in Sources */ = {isa = PBXBuildFile; fileRef = C109FB2D239695E700367E5A /* ViewController.m */; };
		C109FB31239695E700367E5A /* Main.storyboard in Resources */ = {isa = PBXBuildFile; fileRef = C109FB2F239695E700367E5A /* Main.storyboard */; };
		C109FB33239695E900367E5A /* Assets.xcassets in Resources */ = {isa = PBXBuildFile; fileRef = C109FB32239695E900367E5A /* Assets.xcassets */; };
		C109FB36239695E900367E5A /* LaunchScreen.storyboard in Resources */ = {isa = PBXBuildFile; fileRef = C109FB34239695E900367E5A /* LaunchScreen.storyboard */; };
		C109FB39239695E900367E5A /* main.m in Sources */ = {isa = PBXBuildFile; fileRef = C109FB38239695E900367E5A /* main.m */; };
		C109FB43239695EA00367E5A /* demoTests.m in Sources */ = {isa = PBXBuildFile; fileRef = C109FB42239695EA00367E5A /* demoTests.m */; };
		C109FB4E239695EA00367E5A /* demoUITests.m in Sources */ = {isa = PBXBuildFile; fileRef = C109FB4D239695EA00367E5A /* demoUITests.m */; };
		C116ABA323B9FBD2000B5136 /* ViewController.xib in Resources */ = {isa = PBXBuildFile; fileRef = C116ABA223B9FBD2000B5136 /* ViewController.xib */; };
		C15B619523BB3FA20001C35C /* ViewControllerFour.m in Sources */ = {isa = PBXBuildFile; fileRef = C15B619323BB3FA20001C35C /* ViewControllerFour.m */; };
		C15B619623BB3FA20001C35C /* ViewControllerFour.xib in Resources */ = {isa = PBXBuildFile; fileRef = C15B619423BB3FA20001C35C /* ViewControllerFour.xib */; };
		C187B68D23B5B22000DACBED /* ViewControllerThree.m in Sources */ = {isa = PBXBuildFile; fileRef = C187B68B23B5B22000DACBED /* ViewControllerThree.m */; };
		C187B68E23B5B22000DACBED /* ViewControllerThree.xib in Resources */ = {isa = PBXBuildFile; fileRef = C187B68C23B5B22000DACBED /* ViewControllerThree.xib */; };
		C1E89CCF23B1EAF400BD6C70 /* ViewControllerTwo.m in Sources */ = {isa = PBXBuildFile; fileRef = C1E89CCD23B1EAF400BD6C70 /* ViewControllerTwo.m */; };
		C1E89CD023B1EAF400BD6C70 /* ViewControllerTwo.xib in Resources */ = {isa = PBXBuildFile; fileRef = C1E89CCE23B1EAF400BD6C70 /* ViewControllerTwo.xib */; };
/* End PBXBuildFile section */

/* Begin PBXContainerItemProxy section */
		C109FB3F239695EA00367E5A /* PBXContainerItemProxy */ = {
			isa = PBXContainerItemProxy;
			containerPortal = C109FB1B239695E700367E5A /* Project object */;
			proxyType = 1;
			remoteGlobalIDString = C109FB22239695E700367E5A;
			remoteInfo = demo;
		};
		C109FB4A239695EA00367E5A /* PBXContainerItemProxy */ = {
			isa = PBXContainerItemProxy;
			containerPortal = C109FB1B239695E700367E5A /* Project object */;
			proxyType = 1;
			remoteGlobalIDString = C109FB22239695E700367E5A;
			remoteInfo = demo;
		};
/* End PBXContainerItemProxy section */

/* Begin PBXFileReference section */
		C10565FB256F9DA600E49F77 /* UIViewController+LYPageWillAppear.h */ = {isa = PBXFileReference; fileEncoding = 4; lastKnownFileType = sourcecode.c.h; path = "UIViewController+LYPageWillAppear.h"; sourceTree = "<group>"; };
		C10565FC256F9DA600E49F77 /* NSObject+LYSwizzle.m */ = {isa = PBXFileReference; fileEncoding = 4; lastKnownFileType = sourcecode.c.objc; path = "NSObject+LYSwizzle.m"; sourceTree = "<group>"; };
		C10565FD256F9DA600E49F77 /* LYWindowScreenView.h */ = {isa = PBXFileReference; fileEncoding = 4; lastKnownFileType = sourcecode.c.h; path = LYWindowScreenView.h; sourceTree = "<group>"; };
		C10565FE256F9DA600E49F77 /* UIViewController+LYPageWillAppear.m */ = {isa = PBXFileReference; fileEncoding = 4; lastKnownFileType = sourcecode.c.objc; path = "UIViewController+LYPageWillAppear.m"; sourceTree = "<group>"; };
		C10565FF256F9DA600E49F77 /* NSObject+LYSwizzle.h */ = {isa = PBXFileReference; fileEncoding = 4; lastKnownFileType = sourcecode.c.h; path = "NSObject+LYSwizzle.h"; sourceTree = "<group>"; };
		C1056600256F9DA600E49F77 /* LYWindowScreenView.m */ = {isa = PBXFileReference; fileEncoding = 4; lastKnownFileType = sourcecode.c.objc; path = LYWindowScreenView.m; sourceTree = "<group>"; };
		C109FB23239695E700367E5A /* demo.app */ = {isa = PBXFileReference; explicitFileType = wrapper.application; includeInIndex = 0; path = demo.app; sourceTree = BUILT_PRODUCTS_DIR; };
		C109FB26239695E700367E5A /* AppDelegate.h */ = {isa = PBXFileReference; lastKnownFileType = sourcecode.c.h; path = AppDelegate.h; sourceTree = "<group>"; };
		C109FB27239695E700367E5A /* AppDelegate.m */ = {isa = PBXFileReference; lastKnownFileType = sourcecode.c.objc; path = AppDelegate.m; sourceTree = "<group>"; };
		C109FB2C239695E700367E5A /* ViewController.h */ = {isa = PBXFileReference; lastKnownFileType = sourcecode.c.h; path = ViewController.h; sourceTree = "<group>"; };
		C109FB2D239695E700367E5A /* ViewController.m */ = {isa = PBXFileReference; lastKnownFileType = sourcecode.c.objc; path = ViewController.m; sourceTree = "<group>"; };
		C109FB30239695E700367E5A /* Base */ = {isa = PBXFileReference; lastKnownFileType = file.storyboard; name = Base; path = Base.lproj/Main.storyboard; sourceTree = "<group>"; };
		C109FB32239695E900367E5A /* Assets.xcassets */ = {isa = PBXFileReference; lastKnownFileType = folder.assetcatalog; path = Assets.xcassets; sourceTree = "<group>"; };
		C109FB35239695E900367E5A /* Base */ = {isa = PBXFileReference; lastKnownFileType = file.storyboard; name = Base; path = Base.lproj/LaunchScreen.storyboard; sourceTree = "<group>"; };
		C109FB37239695E900367E5A /* Info.plist */ = {isa = PBXFileReference; lastKnownFileType = text.plist.xml; path = Info.plist; sourceTree = "<group>"; };
		C109FB38239695E900367E5A /* main.m */ = {isa = PBXFileReference; lastKnownFileType = sourcecode.c.objc; path = main.m; sourceTree = "<group>"; };
		C109FB3E239695EA00367E5A /* demoTests.xctest */ = {isa = PBXFileReference; explicitFileType = wrapper.cfbundle; includeInIndex = 0; path = demoTests.xctest; sourceTree = BUILT_PRODUCTS_DIR; };
		C109FB42239695EA00367E5A /* demoTests.m */ = {isa = PBXFileReference; lastKnownFileType = sourcecode.c.objc; path = demoTests.m; sourceTree = "<group>"; };
		C109FB44239695EA00367E5A /* Info.plist */ = {isa = PBXFileReference; lastKnownFileType = text.plist.xml; path = Info.plist; sourceTree = "<group>"; };
		C109FB49239695EA00367E5A /* demoUITests.xctest */ = {isa = PBXFileReference; explicitFileType = wrapper.cfbundle; includeInIndex = 0; path = demoUITests.xctest; sourceTree = BUILT_PRODUCTS_DIR; };
		C109FB4D239695EA00367E5A /* demoUITests.m */ = {isa = PBXFileReference; lastKnownFileType = sourcecode.c.objc; path = demoUITests.m; sourceTree = "<group>"; };
		C109FB4F239695EA00367E5A /* Info.plist */ = {isa = PBXFileReference; lastKnownFileType = text.plist.xml; path = Info.plist; sourceTree = "<group>"; };
		C116ABA223B9FBD2000B5136 /* ViewController.xib */ = {isa = PBXFileReference; lastKnownFileType = file.xib; path = ViewController.xib; sourceTree = "<group>"; };
		C15B619223BB3FA20001C35C /* ViewControllerFour.h */ = {isa = PBXFileReference; lastKnownFileType = sourcecode.c.h; path = ViewControllerFour.h; sourceTree = "<group>"; };
		C15B619323BB3FA20001C35C /* ViewControllerFour.m */ = {isa = PBXFileReference; lastKnownFileType = sourcecode.c.objc; path = ViewControllerFour.m; sourceTree = "<group>"; };
		C15B619423BB3FA20001C35C /* ViewControllerFour.xib */ = {isa = PBXFileReference; lastKnownFileType = file.xib; path = ViewControllerFour.xib; sourceTree = "<group>"; };
		C187B68A23B5B22000DACBED /* ViewControllerThree.h */ = {isa = PBXFileReference; lastKnownFileType = sourcecode.c.h; path = ViewControllerThree.h; sourceTree = "<group>"; };
		C187B68B23B5B22000DACBED /* ViewControllerThree.m */ = {isa = PBXFileReference; lastKnownFileType = sourcecode.c.objc; path = ViewControllerThree.m; sourceTree = "<group>"; };
		C187B68C23B5B22000DACBED /* ViewControllerThree.xib */ = {isa = PBXFileReference; lastKnownFileType = file.xib; path = ViewControllerThree.xib; sourceTree = "<group>"; };
		C1E89CCC23B1EAF300BD6C70 /* ViewControllerTwo.h */ = {isa = PBXFileReference; lastKnownFileType = sourcecode.c.h; path = ViewControllerTwo.h; sourceTree = "<group>"; };
		C1E89CCD23B1EAF400BD6C70 /* ViewControllerTwo.m */ = {isa = PBXFileReference; lastKnownFileType = sourcecode.c.objc; path = ViewControllerTwo.m; sourceTree = "<group>"; };
		C1E89CCE23B1EAF400BD6C70 /* ViewControllerTwo.xib */ = {isa = PBXFileReference; lastKnownFileType = file.xib; path = ViewControllerTwo.xib; sourceTree = "<group>"; };
/* End PBXFileReference section */

/* Begin PBXFrameworksBuildPhase section */
		C109FB20239695E700367E5A /* Frameworks */ = {
			isa = PBXFrameworksBuildPhase;
			buildActionMask = 2147483647;
			files = (
			);
			runOnlyForDeploymentPostprocessing = 0;
		};
		C109FB3B239695EA00367E5A /* Frameworks */ = {
			isa = PBXFrameworksBuildPhase;
			buildActionMask = 2147483647;
			files = (
			);
			runOnlyForDeploymentPostprocessing = 0;
		};
		C109FB46239695EA00367E5A /* Frameworks */ = {
			isa = PBXFrameworksBuildPhase;
			buildActionMask = 2147483647;
			files = (
			);
			runOnlyForDeploymentPostprocessing = 0;
		};
/* End PBXFrameworksBuildPhase section */

/* Begin PBXGroup section */
		C10565FA256F9DA600E49F77 /* LYWindowScreenView */ = {
			isa = PBXGroup;
			children = (
				C10565FF256F9DA600E49F77 /* NSObject+LYSwizzle.h */,
				C10565FC256F9DA600E49F77 /* NSObject+LYSwizzle.m */,
				C10565FB256F9DA600E49F77 /* UIViewController+LYPageWillAppear.h */,
				C10565FE256F9DA600E49F77 /* UIViewController+LYPageWillAppear.m */,
				C10565FD256F9DA600E49F77 /* LYWindowScreenView.h */,
				C1056600256F9DA600E49F77 /* LYWindowScreenView.m */,
			);
			path = LYWindowScreenView;
			sourceTree = "<group>";
		};
		C109FB1A239695E700367E5A = {
			isa = PBXGroup;
			children = (
				C109FB25239695E700367E5A /* demo */,
				C109FB41239695EA00367E5A /* demoTests */,
				C109FB4C239695EA00367E5A /* demoUITests */,
				C109FB24239695E700367E5A /* Products */,
			);
			sourceTree = "<group>";
		};
		C109FB24239695E700367E5A /* Products */ = {
			isa = PBXGroup;
			children = (
				C109FB23239695E700367E5A /* demo.app */,
				C109FB3E239695EA00367E5A /* demoTests.xctest */,
				C109FB49239695EA00367E5A /* demoUITests.xctest */,
			);
			name = Products;
			sourceTree = "<group>";
		};
		C109FB25239695E700367E5A /* demo */ = {
			isa = PBXGroup;
			children = (
				C10565FA256F9DA600E49F77 /* LYWindowScreenView */,
				C109FB26239695E700367E5A /* AppDelegate.h */,
				C109FB27239695E700367E5A /* AppDelegate.m */,
				C187B68A23B5B22000DACBED /* ViewControllerThree.h */,
				C187B68B23B5B22000DACBED /* ViewControllerThree.m */,
				C187B68C23B5B22000DACBED /* ViewControllerThree.xib */,
				C1E89CCC23B1EAF300BD6C70 /* ViewControllerTwo.h */,
				C1E89CCD23B1EAF400BD6C70 /* ViewControllerTwo.m */,
				C1E89CCE23B1EAF400BD6C70 /* ViewControllerTwo.xib */,
				C109FB2C239695E700367E5A /* ViewController.h */,
				C109FB2D239695E700367E5A /* ViewController.m */,
				C116ABA223B9FBD2000B5136 /* ViewController.xib */,
				C15B619223BB3FA20001C35C /* ViewControllerFour.h */,
				C15B619323BB3FA20001C35C /* ViewControllerFour.m */,
				C15B619423BB3FA20001C35C /* ViewControllerFour.xib */,
				C109FB2F239695E700367E5A /* Main.storyboard */,
				C109FB32239695E900367E5A /* Assets.xcassets */,
				C109FB34239695E900367E5A /* LaunchScreen.storyboard */,
				C109FB37239695E900367E5A /* Info.plist */,
				C109FB38239695E900367E5A /* main.m */,
			);
			path = demo;
			sourceTree = "<group>";
		};
		C109FB41239695EA00367E5A /* demoTests */ = {
			isa = PBXGroup;
			children = (
				C109FB42239695EA00367E5A /* demoTests.m */,
				C109FB44239695EA00367E5A /* Info.plist */,
			);
			path = demoTests;
			sourceTree = "<group>";
		};
		C109FB4C239695EA00367E5A /* demoUITests */ = {
			isa = PBXGroup;
			children = (
				C109FB4D239695EA00367E5A /* demoUITests.m */,
				C109FB4F239695EA00367E5A /* Info.plist */,
			);
			path = demoUITests;
			sourceTree = "<group>";
		};
/* End PBXGroup section */

/* Begin PBXNativeTarget section */
		C109FB22239695E700367E5A /* demo */ = {
			isa = PBXNativeTarget;
			buildConfigurationList = C109FB52239695EA00367E5A /* Build configuration list for PBXNativeTarget "demo" */;
			buildPhases = (
				C109FB1F239695E700367E5A /* Sources */,
				C109FB20239695E700367E5A /* Frameworks */,
				C109FB21239695E700367E5A /* Resources */,
			);
			buildRules = (
			);
			dependencies = (
			);
			name = demo;
			productName = demo;
			productReference = C109FB23239695E700367E5A /* demo.app */;
			productType = "com.apple.product-type.application";
		};
		C109FB3D239695EA00367E5A /* demoTests */ = {
			isa = PBXNativeTarget;
			buildConfigurationList = C109FB55239695EA00367E5A /* Build configuration list for PBXNativeTarget "demoTests" */;
			buildPhases = (
				C109FB3A239695EA00367E5A /* Sources */,
				C109FB3B239695EA00367E5A /* Frameworks */,
				C109FB3C239695EA00367E5A /* Resources */,
			);
			buildRules = (
			);
			dependencies = (
				C109FB40239695EA00367E5A /* PBXTargetDependency */,
			);
			name = demoTests;
			productName = demoTests;
			productReference = C109FB3E239695EA00367E5A /* demoTests.xctest */;
			productType = "com.apple.product-type.bundle.unit-test";
		};
		C109FB48239695EA00367E5A /* demoUITests */ = {
			isa = PBXNativeTarget;
			buildConfigurationList = C109FB58239695EA00367E5A /* Build configuration list for PBXNativeTarget "demoUITests" */;
			buildPhases = (
				C109FB45239695EA00367E5A /* Sources */,
				C109FB46239695EA00367E5A /* Frameworks */,
				C109FB47239695EA00367E5A /* Resources */,
			);
			buildRules = (
			);
			dependencies = (
				C109FB4B239695EA00367E5A /* PBXTargetDependency */,
			);
			name = demoUITests;
			productName = demoUITests;
			productReference = C109FB49239695EA00367E5A /* demoUITests.xctest */;
			productType = "com.apple.product-type.bundle.ui-testing";
		};
/* End PBXNativeTarget section */

/* Begin PBXProject section */
		C109FB1B239695E700367E5A /* Project object */ = {
			isa = PBXProject;
			attributes = {
				LastUpgradeCheck = 1100;
				ORGANIZATIONNAME = "学习";
				TargetAttributes = {
					C109FB22239695E700367E5A = {
						CreatedOnToolsVersion = 11.0;
					};
					C109FB3D239695EA00367E5A = {
						CreatedOnToolsVersion = 11.0;
						TestTargetID = C109FB22239695E700367E5A;
					};
					C109FB48239695EA00367E5A = {
						CreatedOnToolsVersion = 11.0;
						TestTargetID = C109FB22239695E700367E5A;
					};
				};
			};
			buildConfigurationList = C109FB1E239695E700367E5A /* Build configuration list for PBXProject "demo" */;
			compatibilityVersion = "Xcode 9.3";
			developmentRegion = en;
			hasScannedForEncodings = 0;
			knownRegions = (
				en,
				Base,
			);
			mainGroup = C109FB1A239695E700367E5A;
			productRefGroup = C109FB24239695E700367E5A /* Products */;
			projectDirPath = "";
			projectRoot = "";
			targets = (
				C109FB22239695E700367E5A /* demo */,
				C109FB3D239695EA00367E5A /* demoTests */,
				C109FB48239695EA00367E5A /* demoUITests */,
			);
		};
/* End PBXProject section */

/* Begin PBXResourcesBuildPhase section */
		C109FB21239695E700367E5A /* Resources */ = {
			isa = PBXResourcesBuildPhase;
			buildActionMask = 2147483647;
			files = (
				C109FB36239695E900367E5A /* LaunchScreen.storyboard in Resources */,
				C109FB33239695E900367E5A /* Assets.xcassets in Resources */,
				C1E89CD023B1EAF400BD6C70 /* ViewControllerTwo.xib in Resources */,
				C187B68E23B5B22000DACBED /* ViewControllerThree.xib in Resources */,
				C116ABA323B9FBD2000B5136 /* ViewController.xib in Resources */,
				C15B619623BB3FA20001C35C /* ViewControllerFour.xib in Resources */,
				C109FB31239695E700367E5A /* Main.storyboard in Resources */,
			);
			runOnlyForDeploymentPostprocessing = 0;
		};
		C109FB3C239695EA00367E5A /* Resources */ = {
			isa = PBXResourcesBuildPhase;
			buildActionMask = 2147483647;
			files = (
			);
			runOnlyForDeploymentPostprocessing = 0;
		};
		C109FB47239695EA00367E5A /* Resources */ = {
			isa = PBXResourcesBuildPhase;
			buildActionMask = 2147483647;
			files = (
			);
			runOnlyForDeploymentPostprocessing = 0;
		};
/* End PBXResourcesBuildPhase section */

/* Begin PBXSourcesBuildPhase section */
		C109FB1F239695E700367E5A /* Sources */ = {
			isa = PBXSourcesBuildPhase;
			buildActionMask = 2147483647;
			files = (
				C15B619523BB3FA20001C35C /* ViewControllerFour.m in Sources */,
				C187B68D23B5B22000DACBED /* ViewControllerThree.m in Sources */,
				C109FB2E239695E700367E5A /* ViewController.m in Sources */,
				C1056601256F9DA600E49F77 /* NSObject+LYSwizzle.m in Sources */,
				C109FB28239695E700367E5A /* AppDelegate.m in Sources */,
				C109FB39239695E900367E5A /* main.m in Sources */,
				C1056603256F9DA600E49F77 /* LYWindowScreenView.m in Sources */,
				C1E89CCF23B1EAF400BD6C70 /* ViewControllerTwo.m in Sources */,
				C1056602256F9DA600E49F77 /* UIViewController+LYPageWillAppear.m in Sources */,
			);
			runOnlyForDeploymentPostprocessing = 0;
		};
		C109FB3A239695EA00367E5A /* Sources */ = {
			isa = PBXSourcesBuildPhase;
			buildActionMask = 2147483647;
			files = (
				C109FB43239695EA00367E5A /* demoTests.m in Sources */,
			);
			runOnlyForDeploymentPostprocessing = 0;
		};
		C109FB45239695EA00367E5A /* Sources */ = {
			isa = PBXSourcesBuildPhase;
			buildActionMask = 2147483647;
			files = (
				C109FB4E239695EA00367E5A /* demoUITests.m in Sources */,
			);
			runOnlyForDeploymentPostprocessing = 0;
		};
/* End PBXSourcesBuildPhase section */

/* Begin PBXTargetDependency section */
		C109FB40239695EA00367E5A /* PBXTargetDependency */ = {
			isa = PBXTargetDependency;
			target = C109FB22239695E700367E5A /* demo */;
			targetProxy = C109FB3F239695EA00367E5A /* PBXContainerItemProxy */;
		};
		C109FB4B239695EA00367E5A /* PBXTargetDependency */ = {
			isa = PBXTargetDependency;
			target = C109FB22239695E700367E5A /* demo */;
			targetProxy = C109FB4A239695EA00367E5A /* PBXContainerItemProxy */;
		};
/* End PBXTargetDependency section */

/* Begin PBXVariantGroup section */
		C109FB2F239695E700367E5A /* Main.storyboard */ = {
			isa = PBXVariantGroup;
			children = (
				C109FB30239695E700367E5A /* Base */,
			);
			name = Main.storyboard;
			sourceTree = "<group>";
		};
		C109FB34239695E900367E5A /* LaunchScreen.storyboard */ = {
			isa = PBXVariantGroup;
			children = (
				C109FB35239695E900367E5A /* Base */,
			);
			name = LaunchScreen.storyboard;
			sourceTree = "<group>";
		};
/* End PBXVariantGroup section */

/* Begin XCBuildConfiguration section */
		C109FB50239695EA00367E5A /* Debug */ = {
			isa = XCBuildConfiguration;
			buildSettings = {
				ALWAYS_SEARCH_USER_PATHS = NO;
				CLANG_ANALYZER_NONNULL = YES;
				CLANG_ANALYZER_NUMBER_OBJECT_CONVERSION = YES_AGGRESSIVE;
				CLANG_CXX_LANGUAGE_STANDARD = "gnu++14";
				CLANG_CXX_LIBRARY = "libc++";
				CLANG_ENABLE_MODULES = YES;
				CLANG_ENABLE_OBJC_ARC = YES;
				CLANG_ENABLE_OBJC_WEAK = YES;
				CLANG_WARN_BLOCK_CAPTURE_AUTORELEASING = YES;
				CLANG_WARN_BOOL_CONVERSION = YES;
				CLANG_WARN_COMMA = YES;
				CLANG_WARN_CONSTANT_CONVERSION = YES;
				CLANG_WARN_DEPRECATED_OBJC_IMPLEMENTATIONS = YES;
				CLANG_WARN_DIRECT_OBJC_ISA_USAGE = YES_ERROR;
				CLANG_WARN_DOCUMENTATION_COMMENTS = YES;
				CLANG_WARN_EMPTY_BODY = YES;
				CLANG_WARN_ENUM_CONVERSION = YES;
				CLANG_WARN_INFINITE_RECURSION = YES;
				CLANG_WARN_INT_CONVERSION = YES;
				CLANG_WARN_NON_LITERAL_NULL_CONVERSION = YES;
				CLANG_WARN_OBJC_IMPLICIT_RETAIN_SELF = YES;
				CLANG_WARN_OBJC_LITERAL_CONVERSION = YES;
				CLANG_WARN_OBJC_ROOT_CLASS = YES_ERROR;
				CLANG_WARN_RANGE_LOOP_ANALYSIS = YES;
				CLANG_WARN_STRICT_PROTOTYPES = YES;
				CLANG_WARN_SUSPICIOUS_MOVE = YES;
				CLANG_WARN_UNGUARDED_AVAILABILITY = YES_AGGRESSIVE;
				CLANG_WARN_UNREACHABLE_CODE = YES;
				CLANG_WARN__DUPLICATE_METHOD_MATCH = YES;
				COPY_PHASE_STRIP = NO;
				DEBUG_INFORMATION_FORMAT = dwarf;
				ENABLE_STRICT_OBJC_MSGSEND = YES;
				ENABLE_TESTABILITY = YES;
				GCC_C_LANGUAGE_STANDARD = gnu11;
				GCC_DYNAMIC_NO_PIC = NO;
				GCC_NO_COMMON_BLOCKS = YES;
				GCC_OPTIMIZATION_LEVEL = 0;
				GCC_PREPROCESSOR_DEFINITIONS = (
					"DEBUG=1",
					"$(inherited)",
				);
				GCC_WARN_64_TO_32_BIT_CONVERSION = YES;
				GCC_WARN_ABOUT_RETURN_TYPE = YES_ERROR;
				GCC_WARN_UNDECLARED_SELECTOR = YES;
				GCC_WARN_UNINITIALIZED_AUTOS = YES_AGGRESSIVE;
				GCC_WARN_UNUSED_FUNCTION = YES;
				GCC_WARN_UNUSED_VARIABLE = YES;
				IPHONEOS_DEPLOYMENT_TARGET = 13.0;
				MTL_ENABLE_DEBUG_INFO = INCLUDE_SOURCE;
				MTL_FAST_MATH = YES;
				ONLY_ACTIVE_ARCH = YES;
				SDKROOT = iphoneos;
			};
			name = Debug;
		};
		C109FB51239695EA00367E5A /* Release */ = {
			isa = XCBuildConfiguration;
			buildSettings = {
				ALWAYS_SEARCH_USER_PATHS = NO;
				CLANG_ANALYZER_NONNULL = YES;
				CLANG_ANALYZER_NUMBER_OBJECT_CONVERSION = YES_AGGRESSIVE;
				CLANG_CXX_LANGUAGE_STANDARD = "gnu++14";
				CLANG_CXX_LIBRARY = "libc++";
				CLANG_ENABLE_MODULES = YES;
				CLANG_ENABLE_OBJC_ARC = YES;
				CLANG_ENABLE_OBJC_WEAK = YES;
				CLANG_WARN_BLOCK_CAPTURE_AUTORELEASING = YES;
				CLANG_WARN_BOOL_CONVERSION = YES;
				CLANG_WARN_COMMA = YES;
				CLANG_WARN_CONSTANT_CONVERSION = YES;
				CLANG_WARN_DEPRECATED_OBJC_IMPLEMENTATIONS = YES;
				CLANG_WARN_DIRECT_OBJC_ISA_USAGE = YES_ERROR;
				CLANG_WARN_DOCUMENTATION_COMMENTS = YES;
				CLANG_WARN_EMPTY_BODY = YES;
				CLANG_WARN_ENUM_CONVERSION = YES;
				CLANG_WARN_INFINITE_RECURSION = YES;
				CLANG_WARN_INT_CONVERSION = YES;
				CLANG_WARN_NON_LITERAL_NULL_CONVERSION = YES;
				CLANG_WARN_OBJC_IMPLICIT_RETAIN_SELF = YES;
				CLANG_WARN_OBJC_LITERAL_CONVERSION = YES;
				CLANG_WARN_OBJC_ROOT_CLASS = YES_ERROR;
				CLANG_WARN_RANGE_LOOP_ANALYSIS = YES;
				CLANG_WARN_STRICT_PROTOTYPES = YES;
				CLANG_WARN_SUSPICIOUS_MOVE = YES;
				CLANG_WARN_UNGUARDED_AVAILABILITY = YES_AGGRESSIVE;
				CLANG_WARN_UNREACHABLE_CODE = YES;
				CLANG_WARN__DUPLICATE_METHOD_MATCH = YES;
				COPY_PHASE_STRIP = NO;
				DEBUG_INFORMATION_FORMAT = "dwarf-with-dsym";
				ENABLE_NS_ASSERTIONS = NO;
				ENABLE_STRICT_OBJC_MSGSEND = YES;
				GCC_C_LANGUAGE_STANDARD = gnu11;
				GCC_NO_COMMON_BLOCKS = YES;
				GCC_WARN_64_TO_32_BIT_CONVERSION = YES;
				GCC_WARN_ABOUT_RETURN_TYPE = YES_ERROR;
				GCC_WARN_UNDECLARED_SELECTOR = YES;
				GCC_WARN_UNINITIALIZED_AUTOS = YES_AGGRESSIVE;
				GCC_WARN_UNUSED_FUNCTION = YES;
				GCC_WARN_UNUSED_VARIABLE = YES;
				IPHONEOS_DEPLOYMENT_TARGET = 13.0;
				MTL_ENABLE_DEBUG_INFO = NO;
				MTL_FAST_MATH = YES;
				SDKROOT = iphoneos;
				VALIDATE_PRODUCT = YES;
			};
			name = Release;
		};
		C109FB53239695EA00367E5A /* Debug */ = {
			isa = XCBuildConfiguration;
			buildSettings = {
				ASSETCATALOG_COMPILER_APPICON_NAME = AppIcon;
				CODE_SIGN_STYLE = Automatic;
				INFOPLIST_FILE = demo/Info.plist;
				IPHONEOS_DEPLOYMENT_TARGET = 9.0;
				LD_RUNPATH_SEARCH_PATHS = (
					"$(inherited)",
					"@executable_path/Frameworks",
				);
				PRODUCT_BUNDLE_IDENTIFIER = "---.demo";
				PRODUCT_NAME = "$(TARGET_NAME)";
				TARGETED_DEVICE_FAMILY = "1,2";
			};
			name = Debug;
		};
		C109FB54239695EA00367E5A /* Release */ = {
			isa = XCBuildConfiguration;
			buildSettings = {
				ASSETCATALOG_COMPILER_APPICON_NAME = AppIcon;
				CODE_SIGN_STYLE = Automatic;
				INFOPLIST_FILE = demo/Info.plist;
				IPHONEOS_DEPLOYMENT_TARGET = 9.0;
				LD_RUNPATH_SEARCH_PATHS = (
					"$(inherited)",
					"@executable_path/Frameworks",
				);
				PRODUCT_BUNDLE_IDENTIFIER = "---.demo";
				PRODUCT_NAME = "$(TARGET_NAME)";
				TARGETED_DEVICE_FAMILY = "1,2";
			};
			name = Release;
		};
		C109FB56239695EA00367E5A /* Debug */ = {
			isa = XCBuildConfiguration;
			buildSettings = {
				BUNDLE_LOADER = "$(TEST_HOST)";
				CODE_SIGN_STYLE = Automatic;
				INFOPLIST_FILE = demoTests/Info.plist;
				IPHONEOS_DEPLOYMENT_TARGET = 13.0;
				LD_RUNPATH_SEARCH_PATHS = (
					"$(inherited)",
					"@executable_path/Frameworks",
					"@loader_path/Frameworks",
				);
				PRODUCT_BUNDLE_IDENTIFIER = "---.demoTests";
				PRODUCT_NAME = "$(TARGET_NAME)";
				TARGETED_DEVICE_FAMILY = "1,2";
				TEST_HOST = "$(BUILT_PRODUCTS_DIR)/demo.app/demo";
			};
			name = Debug;
		};
		C109FB57239695EA00367E5A /* Release */ = {
			isa = XCBuildConfiguration;
			buildSettings = {
				BUNDLE_LOADER = "$(TEST_HOST)";
				CODE_SIGN_STYLE = Automatic;
				INFOPLIST_FILE = demoTests/Info.plist;
				IPHONEOS_DEPLOYMENT_TARGET = 13.0;
				LD_RUNPATH_SEARCH_PATHS = (
					"$(inherited)",
					"@executable_path/Frameworks",
					"@loader_path/Frameworks",
				);
				PRODUCT_BUNDLE_IDENTIFIER = "---.demoTests";
				PRODUCT_NAME = "$(TARGET_NAME)";
				TARGETED_DEVICE_FAMILY = "1,2";
				TEST_HOST = "$(BUILT_PRODUCTS_DIR)/demo.app/demo";
			};
			name = Release;
		};
		C109FB59239695EA00367E5A /* Debug */ = {
			isa = XCBuildConfiguration;
			buildSettings = {
				CODE_SIGN_STYLE = Automatic;
				INFOPLIST_FILE = demoUITests/Info.plist;
				LD_RUNPATH_SEARCH_PATHS = (
					"$(inherited)",
					"@executable_path/Frameworks",
					"@loader_path/Frameworks",
				);
				PRODUCT_BUNDLE_IDENTIFIER = "---.demoUITests";
				PRODUCT_NAME = "$(TARGET_NAME)";
				TARGETED_DEVICE_FAMILY = "1,2";
				TEST_TARGET_NAME = demo;
			};
			name = Debug;
		};
		C109FB5A239695EA00367E5A /* Release */ = {
			isa = XCBuildConfiguration;
			buildSettings = {
				CODE_SIGN_STYLE = Automatic;
				INFOPLIST_FILE = demoUITests/Info.plist;
				LD_RUNPATH_SEARCH_PATHS = (
					"$(inherited)",
					"@executable_path/Frameworks",
					"@loader_path/Frameworks",
				);
				PRODUCT_BUNDLE_IDENTIFIER = "---.demoUITests";
				PRODUCT_NAME = "$(TARGET_NAME)";
				TARGETED_DEVICE_FAMILY = "1,2";
				TEST_TARGET_NAME = demo;
			};
			name = Release;
		};
/* End XCBuildConfiguration section */

/* Begin XCConfigurationList section */
		C109FB1E239695E700367E5A /* Build configuration list for PBXProject "demo" */ = {
			isa = XCConfigurationList;
			buildConfigurations = (
				C109FB50239695EA00367E5A /* Debug */,
				C109FB51239695EA00367E5A /* Release */,
			);
			defaultConfigurationIsVisible = 0;
			defaultConfigurationName = Release;
		};
		C109FB52239695EA00367E5A /* Build configuration list for PBXNativeTarget "demo" */ = {
			isa = XCConfigurationList;
			buildConfigurations = (
				C109FB53239695EA00367E5A /* Debug */,
				C109FB54239695EA00367E5A /* Release */,
			);
			defaultConfigurationIsVisible = 0;
			defaultConfigurationName = Release;
		};
		C109FB55239695EA00367E5A /* Build configuration list for PBXNativeTarget "demoTests" */ = {
			isa = XCConfigurationList;
			buildConfigurations = (
				C109FB56239695EA00367E5A /* Debug */,
				C109FB57239695EA00367E5A /* Release */,
			);
			defaultConfigurationIsVisible = 0;
			defaultConfigurationName = Release;
		};
		C109FB58239695EA00367E5A /* Build configuration list for PBXNativeTarget "demoUITests" */ = {
			isa = XCConfigurationList;
			buildConfigurations = (
				C109FB59239695EA00367E5A /* Debug */,
				C109FB5A239695EA00367E5A /* Release */,
			);
			defaultConfigurationIsVisible = 0;
			defaultConfigurationName = Release;
		};
/* End XCConfigurationList section */
	};
	rootObject = C109FB1B239695E700367E5A /* Project object */;
}
